
Microsoft Visual Studio Solution File, Format Version 12.00
# Visual Studio 15
VisualStudioVersion = 15.0.27428.1
MinimumVisualStudioVersion = 10.0.40219.1
Project("{FAE04EC0-301F-11D3-BF4B-00C04F79EFBC}") = "Generator", "Generator\Generator.csproj", "{5D1865F5-0273-43D3-AFB5-BA0393526A25}"
EndProject
Global
	GlobalSection(SolutionConfigurationPlatforms) = preSolution
		Debug|Any CPU = Debug|Any CPU
		Release|Any CPU = Release|Any CPU
	EndGlobalSection
	GlobalSection(ProjectConfigurationPlatforms) = postSolution
		{5D1865F5-0273-43D3-AFB5-BA0393526A25}.Debug|Any CPU.ActiveCfg = Debug|Any CPU
		{5D1865F5-0273-43D3-AFB5-BA0393526A25}.Debug|Any CPU.Build.0 = Debug|Any CPU
		{5D1865F5-0273-43D3-AFB5-BA0393526A25}.Release|Any CPU.ActiveCfg = Release|Any CPU
		{5D1865F5-0273-43D3-AFB5-BA0393526A25}.Release|Any CPU.Build.0 = Release|Any CPU
	EndGlobalSection
	GlobalSection(SolutionProperties) = preSolution
		HideSolutionNode = FALSE
	EndGlobalSection
	GlobalSection(ExtensibilityGlobals) = postSolution
		SolutionGuid = {6A7F86B9-448F-4820-8E85-A0B7354638F0}
	EndGlobalSection
EndGlobal
